
Microsoft Visual Studio Solution File, Format Version 12.00
# Visual Studio Version 16
VisualStudioVersion = 16.0.810.8
MinimumVisualStudioVersion = 10.0.40219.1
Project("{FAE04EC0-301F-11D3-BF4B-00C04F79EFBC}") = "HRV", "HRV.csproj", "{435B7C71-4692-414A-B63D-C8DCEC351F2A}"
EndProject
Global
	GlobalSection(SolutionConfigurationPlatforms) = preSolution
		Debug|Any CPU = Debug|Any CPU
		Release|Any CPU = Release|Any CPU
	EndGlobalSection
	GlobalSection(ProjectConfigurationPlatforms) = postSolution
		{435B7C71-4692-414A-B63D-C8DCEC351F2A}.Debug|Any CPU.ActiveCfg = Debug|Any CPU
		{435B7C71-4692-414A-B63D-C8DCEC351F2A}.Debug|Any CPU.Build.0 = Debug|Any CPU
		{435B7C71-4692-414A-B63D-C8DCEC351F2A}.Release|Any CPU.ActiveCfg = Release|Any CPU
		{435B7C71-4692-414A-B63D-C8DCEC351F2A}.Release|Any CPU.Build.0 = Release|Any CPU
	EndGlobalSection
	GlobalSection(SolutionProperties) = preSolution
		HideSolutionNode = FALSE
	EndGlobalSection
	GlobalSection(ExtensibilityGlobals) = postSolution
		SolutionGuid = {BF580A35-52F5-4512-B97E-D9448C8C6CED}
	EndGlobalSection
EndGlobal
